
Microsoft Visual Studio Solution File, Format Version 12.00
# Visual Studio Version 16
VisualStudioVersion = 16.0.29324.140
MinimumVisualStudioVersion = 10.0.40219.1
Project("{FAE04EC0-301F-11D3-BF4B-00C04F79EFBC}") = "Prob 3", "Prob 3\Prob 3.csproj", "{C6B98F6A-0DB4-4859-B3B6-D9829ED2ED93}"
EndProject
Global
	GlobalSection(SolutionConfigurationPlatforms) = preSolution
		Debug|Any CPU = Debug|Any CPU
		Release|Any CPU = Release|Any CPU
	EndGlobalSection
	GlobalSection(ProjectConfigurationPlatforms) = postSolution
		{C6B98F6A-0DB4-4859-B3B6-D9829ED2ED93}.Debug|Any CPU.ActiveCfg = Debug|Any CPU
		{C6B98F6A-0DB4-4859-B3B6-D9829ED2ED93}.Debug|Any CPU.Build.0 = Debug|Any CPU
		{C6B98F6A-0DB4-4859-B3B6-D9829ED2ED93}.Release|Any CPU.ActiveCfg = Release|Any CPU
		{C6B98F6A-0DB4-4859-B3B6-D9829ED2ED93}.Release|Any CPU.Build.0 = Release|Any CPU
	EndGlobalSection
	GlobalSection(SolutionProperties) = preSolution
		HideSolutionNode = FALSE
	EndGlobalSection
	GlobalSection(ExtensibilityGlobals) = postSolution
		SolutionGuid = {985E6696-C432-4453-B1FE-8DA7F33CEBC1}
	EndGlobalSection
EndGlobal
